
Microsoft Visual Studio Solution File, Format Version 12.00
# Visual Studio 15
VisualStudioVersion = 15.0.28307.168
MinimumVisualStudioVersion = 10.0.40219.1
Project("{FAE04EC0-301F-11D3-BF4B-00C04F79EFBC}") = "DirectoryBrowser", "DirectoryBrowser\DirectoryBrowser.csproj", "{39278167-BACA-49E8-8CEC-FD13DC498008}"
EndProject
Global
	GlobalSection(SolutionConfigurationPlatforms) = preSolution
		Debug|Any CPU = Debug|Any CPU
		Release|Any CPU = Release|Any CPU
	EndGlobalSection
	GlobalSection(ProjectConfigurationPlatforms) = postSolution
		{39278167-BACA-49E8-8CEC-FD13DC498008}.Debug|Any CPU.ActiveCfg = Debug|Any CPU
		{39278167-BACA-49E8-8CEC-FD13DC498008}.Debug|Any CPU.Build.0 = Debug|Any CPU
		{39278167-BACA-49E8-8CEC-FD13DC498008}.Release|Any CPU.ActiveCfg = Release|Any CPU
		{39278167-BACA-49E8-8CEC-FD13DC498008}.Release|Any CPU.Build.0 = Release|Any CPU
	EndGlobalSection
	GlobalSection(SolutionProperties) = preSolution
		HideSolutionNode = FALSE
	EndGlobalSection
	GlobalSection(ExtensibilityGlobals) = postSolution
		SolutionGuid = {F359AE32-91D4-4F0B-87B7-9F2C7AC674B1}
	EndGlobalSection
EndGlobal
